
Microsoft Visual Studio Solution File, Format Version 12.00
# Visual Studio Version 17
VisualStudioVersion = 17.11.35208.52
MinimumVisualStudioVersion = 10.0.40219.1
Project("{FAE04EC0-301F-11D3-BF4B-00C04F79EFBC}") = "lab_2.7", "lab_2.7\lab_2.7.csproj", "{CED418FC-9812-4936-AAB6-B26F67616A69}"
EndProject
Global
	GlobalSection(SolutionConfigurationPlatforms) = preSolution
		Debug|Any CPU = Debug|Any CPU
		Release|Any CPU = Release|Any CPU
	EndGlobalSection
	GlobalSection(ProjectConfigurationPlatforms) = postSolution
		{CED418FC-9812-4936-AAB6-B26F67616A69}.Debug|Any CPU.ActiveCfg = Debug|Any CPU
		{CED418FC-9812-4936-AAB6-B26F67616A69}.Debug|Any CPU.Build.0 = Debug|Any CPU
		{CED418FC-9812-4936-AAB6-B26F67616A69}.Release|Any CPU.ActiveCfg = Release|Any CPU
		{CED418FC-9812-4936-AAB6-B26F67616A69}.Release|Any CPU.Build.0 = Release|Any CPU
	EndGlobalSection
	GlobalSection(SolutionProperties) = preSolution
		HideSolutionNode = FALSE
	EndGlobalSection
	GlobalSection(ExtensibilityGlobals) = postSolution
		SolutionGuid = {F7EF4199-E7CC-4A7D-BD76-8EF0F6840513}
	EndGlobalSection
EndGlobal
