
Microsoft Visual Studio Solution File, Format Version 12.00
# Visual Studio Version 17
VisualStudioVersion = 17.11.35208.52
MinimumVisualStudioVersion = 10.0.40219.1
Project("{FAE04EC0-301F-11D3-BF4B-00C04F79EFBC}") = "lab_2.8", "lab_2.8\lab_2.8.csproj", "{DAD1B064-26D6-4469-9205-54AFFDD53C1D}"
EndProject
Global
	GlobalSection(SolutionConfigurationPlatforms) = preSolution
		Debug|Any CPU = Debug|Any CPU
		Release|Any CPU = Release|Any CPU
	EndGlobalSection
	GlobalSection(ProjectConfigurationPlatforms) = postSolution
		{DAD1B064-26D6-4469-9205-54AFFDD53C1D}.Debug|Any CPU.ActiveCfg = Debug|Any CPU
		{DAD1B064-26D6-4469-9205-54AFFDD53C1D}.Debug|Any CPU.Build.0 = Debug|Any CPU
		{DAD1B064-26D6-4469-9205-54AFFDD53C1D}.Release|Any CPU.ActiveCfg = Release|Any CPU
		{DAD1B064-26D6-4469-9205-54AFFDD53C1D}.Release|Any CPU.Build.0 = Release|Any CPU
	EndGlobalSection
	GlobalSection(SolutionProperties) = preSolution
		HideSolutionNode = FALSE
	EndGlobalSection
	GlobalSection(ExtensibilityGlobals) = postSolution
		SolutionGuid = {E137F844-EF23-4400-9544-714616A28373}
	EndGlobalSection
EndGlobal
