
Microsoft Visual Studio Solution File, Format Version 12.00
# Visual Studio Version 17
VisualStudioVersion = 17.11.35208.52
MinimumVisualStudioVersion = 10.0.40219.1
Project("{FAE04EC0-301F-11D3-BF4B-00C04F79EFBC}") = "lab_2.2", "lab_2.2\lab_2.2.csproj", "{083738F1-3E27-40C1-82F2-4BD8F4469D65}"
EndProject
Global
	GlobalSection(SolutionConfigurationPlatforms) = preSolution
		Debug|Any CPU = Debug|Any CPU
		Release|Any CPU = Release|Any CPU
	EndGlobalSection
	GlobalSection(ProjectConfigurationPlatforms) = postSolution
		{083738F1-3E27-40C1-82F2-4BD8F4469D65}.Debug|Any CPU.ActiveCfg = Debug|Any CPU
		{083738F1-3E27-40C1-82F2-4BD8F4469D65}.Debug|Any CPU.Build.0 = Debug|Any CPU
		{083738F1-3E27-40C1-82F2-4BD8F4469D65}.Release|Any CPU.ActiveCfg = Release|Any CPU
		{083738F1-3E27-40C1-82F2-4BD8F4469D65}.Release|Any CPU.Build.0 = Release|Any CPU
	EndGlobalSection
	GlobalSection(SolutionProperties) = preSolution
		HideSolutionNode = FALSE
	EndGlobalSection
	GlobalSection(ExtensibilityGlobals) = postSolution
		SolutionGuid = {D5137E95-A6B0-49E8-A3EE-4AEA49E87323}
	EndGlobalSection
EndGlobal
